
Microsoft Visual Studio Solution File, Format Version 12.00
# Visual Studio Version 17
VisualStudioVersion = 17.11.35208.52
MinimumVisualStudioVersion = 10.0.40219.1
Project("{9A19103F-16F7-4668-BE54-9A1E7A4F7556}") = "ShopApi", "ShopApi\ShopApi.csproj", "{5CD6228C-504F-4031-976D-70F5D4D11C55}"
EndProject
Project("{9A19103F-16F7-4668-BE54-9A1E7A4F7556}") = "ShopWasm", "ShopWasm\ShopWasm.csproj", "{32E047DF-CD27-4BF0-A589-D739A57BE489}"
EndProject
Project("{9A19103F-16F7-4668-BE54-9A1E7A4F7556}") = "ShopShared", "ShopShared\ShopShared.csproj", "{7A2A9CA5-6C35-4FFE-8991-76C4B54AD8C4}"
EndProject
Global
	GlobalSection(SolutionConfigurationPlatforms) = preSolution
		Debug|Any CPU = Debug|Any CPU
		Release|Any CPU = Release|Any CPU
	EndGlobalSection
	GlobalSection(ProjectConfigurationPlatforms) = postSolution
		{5CD6228C-504F-4031-976D-70F5D4D11C55}.Debug|Any CPU.ActiveCfg = Debug|Any CPU
		{5CD6228C-504F-4031-976D-70F5D4D11C55}.Debug|Any CPU.Build.0 = Debug|Any CPU
		{5CD6228C-504F-4031-976D-70F5D4D11C55}.Release|Any CPU.ActiveCfg = Release|Any CPU
		{5CD6228C-504F-4031-976D-70F5D4D11C55}.Release|Any CPU.Build.0 = Release|Any CPU
		{32E047DF-CD27-4BF0-A589-D739A57BE489}.Debug|Any CPU.ActiveCfg = Debug|Any CPU
		{32E047DF-CD27-4BF0-A589-D739A57BE489}.Debug|Any CPU.Build.0 = Debug|Any CPU
		{32E047DF-CD27-4BF0-A589-D739A57BE489}.Release|Any CPU.ActiveCfg = Release|Any CPU
		{32E047DF-CD27-4BF0-A589-D739A57BE489}.Release|Any CPU.Build.0 = Release|Any CPU
		{7A2A9CA5-6C35-4FFE-8991-76C4B54AD8C4}.Debug|Any CPU.ActiveCfg = Debug|Any CPU
		{7A2A9CA5-6C35-4FFE-8991-76C4B54AD8C4}.Debug|Any CPU.Build.0 = Debug|Any CPU
		{7A2A9CA5-6C35-4FFE-8991-76C4B54AD8C4}.Release|Any CPU.ActiveCfg = Release|Any CPU
		{7A2A9CA5-6C35-4FFE-8991-76C4B54AD8C4}.Release|Any CPU.Build.0 = Release|Any CPU
	EndGlobalSection
	GlobalSection(SolutionProperties) = preSolution
		HideSolutionNode = FALSE
	EndGlobalSection
	GlobalSection(ExtensibilityGlobals) = postSolution
		SolutionGuid = {C0F2BB57-21D6-4EE9-88A4-C562F72E6A22}
	EndGlobalSection
EndGlobal
